
Microsoft Visual Studio Solution File, Format Version 12.00
# Visual Studio 15
VisualStudioVersion = 15.0.28307.902
MinimumVisualStudioVersion = 10.0.40219.1
Project("{FAE04EC0-301F-11D3-BF4B-00C04F79EFBC}") = "EFEnties", "EFEnties\EFEnties.csproj", "{7384C476-A118-448B-A477-654A0689922B}"
EndProject
Project("{FAE04EC0-301F-11D3-BF4B-00C04F79EFBC}") = "MVCWebUI", "MVCWebUI\MVCWebUI.csproj", "{400D340C-A7EB-4378-9E7D-3637900E72B9}"
EndProject
Global
	GlobalSection(SolutionConfigurationPlatforms) = preSolution
		Debug|Any CPU = Debug|Any CPU
		Release|Any CPU = Release|Any CPU
	EndGlobalSection
	GlobalSection(ProjectConfigurationPlatforms) = postSolution
		{7384C476-A118-448B-A477-654A0689922B}.Debug|Any CPU.ActiveCfg = Debug|Any CPU
		{7384C476-A118-448B-A477-654A0689922B}.Debug|Any CPU.Build.0 = Debug|Any CPU
		{7384C476-A118-448B-A477-654A0689922B}.Release|Any CPU.ActiveCfg = Release|Any CPU
		{7384C476-A118-448B-A477-654A0689922B}.Release|Any CPU.Build.0 = Release|Any CPU
		{400D340C-A7EB-4378-9E7D-3637900E72B9}.Debug|Any CPU.ActiveCfg = Debug|Any CPU
		{400D340C-A7EB-4378-9E7D-3637900E72B9}.Debug|Any CPU.Build.0 = Debug|Any CPU
		{400D340C-A7EB-4378-9E7D-3637900E72B9}.Release|Any CPU.ActiveCfg = Release|Any CPU
		{400D340C-A7EB-4378-9E7D-3637900E72B9}.Release|Any CPU.Build.0 = Release|Any CPU
	EndGlobalSection
	GlobalSection(SolutionProperties) = preSolution
		HideSolutionNode = FALSE
	EndGlobalSection
	GlobalSection(ExtensibilityGlobals) = postSolution
		SolutionGuid = {D48A0B9F-4EDA-44D5-BBC3-BB00148B24C1}
	EndGlobalSection
EndGlobal
